// !$*UTF8*$!
{
	archiveVersion = 1;
	classes = {
	};
	objectVersion = 50;
	objects = {

/* Begin PBXBuildFile section */
		AF48AFF125DF30B5000B468C /* UserSettings.swift in Sources */ = {isa = PBXBuildFile; fileRef = AF48AFF025DF30B5000B468C /* UserSettings.swift */; };
		AF48AFF525DF475D000B468C /* PreferencesView.swift in Sources */ = {isa = PBXBuildFile; fileRef = AF48AFF425DF475D000B468C /* PreferencesView.swift */; };
		AF5101B325AE48B000B8B5E6 /* NSPreview.mm in Sources */ = {isa = PBXBuildFile; fileRef = AF5101B125AE48B000B8B5E6 /* NSPreview.mm */; };
		AF5101B725AE4C8500B8B5E6 /* SidePanel.swift in Sources */ = {isa = PBXBuildFile; fileRef = AF5101B625AE4C8500B8B5E6 /* SidePanel.swift */; };
		AF5101BE25AE57C600B8B5E6 /* Preview.cpp in Sources */ = {isa = PBXBuildFile; fileRef = AFE45FFF2591397E00DB3402 /* Preview.cpp */; };
		AF5101C125AE57C900B8B5E6 /* Configuration.cpp in Sources */ = {isa = PBXBuildFile; fileRef = AFE45FEB2590581D00DB3402 /* Configuration.cpp */; };
		AF5101C725AFE0B800B8B5E6 /* PreviewPane.swift in Sources */ = {isa = PBXBuildFile; fileRef = AF5101C625AFE0B800B8B5E6 /* PreviewPane.swift */; };
		AFB402C325E2F4A700B4A9D6 /* Fonts.swift in Sources */ = {isa = PBXBuildFile; fileRef = AFB402C225E2F4A700B4A9D6 /* Fonts.swift */; };
		AFB402C925E2F4B100B4A9D6 /* Colors.swift in Sources */ = {isa = PBXBuildFile; fileRef = AFB402C825E2F4B100B4A9D6 /* Colors.swift */; };
		AFB402CF25E3071D00B4A9D6 /* Section.swift in Sources */ = {isa = PBXBuildFile; fileRef = AFB402CE25E3071D00B4A9D6 /* Section.swift */; };
		AFE3A23D25BF493400B50756 /* NSString.mm in Sources */ = {isa = PBXBuildFile; fileRef = AFE3A23B25BF493400B50756 /* NSString.mm */; };
		AFE3A24325BF531800B50756 /* NSConfig.mm in Sources */ = {isa = PBXBuildFile; fileRef = AFE3A24125BF531800B50756 /* NSConfig.mm */; };
		AFE665B125CA594F00A41E35 /* Constants.swift in Sources */ = {isa = PBXBuildFile; fileRef = AFE665B025CA594F00A41E35 /* Constants.swift */; };
		AFE665B525CA598B00A41E35 /* PreviewData.swift in Sources */ = {isa = PBXBuildFile; fileRef = AFE665B425CA598B00A41E35 /* PreviewData.swift */; };
		AFFB215225AE392A008B2295 /* AppDelegate.swift in Sources */ = {isa = PBXBuildFile; fileRef = AFFB215125AE392A008B2295 /* AppDelegate.swift */; };
		AFFB215425AE392A008B2295 /* ContentView.swift in Sources */ = {isa = PBXBuildFile; fileRef = AFFB215325AE392A008B2295 /* ContentView.swift */; };
		AFFB215625AE392B008B2295 /* Assets.xcassets in Resources */ = {isa = PBXBuildFile; fileRef = AFFB215525AE392B008B2295 /* Assets.xcassets */; };
		AFFB215C25AE392B008B2295 /* Main.storyboard in Resources */ = {isa = PBXBuildFile; fileRef = AFFB215A25AE392B008B2295 /* Main.storyboard */; };
/* End PBXBuildFile section */

/* Begin PBXFileReference section */
		AF48AFF025DF30B5000B468C /* UserSettings.swift */ = {isa = PBXFileReference; lastKnownFileType = sourcecode.swift; path = UserSettings.swift; sourceTree = "<group>"; };
		AF48AFF425DF475D000B468C /* PreferencesView.swift */ = {isa = PBXFileReference; fileEncoding = 4; lastKnownFileType = sourcecode.swift; path = PreferencesView.swift; sourceTree = "<group>"; };
		AF5101B125AE48B000B8B5E6 /* NSPreview.mm */ = {isa = PBXFileReference; fileEncoding = 4; lastKnownFileType = sourcecode.cpp.objcpp; path = NSPreview.mm; sourceTree = "<group>"; };
		AF5101B225AE48B000B8B5E6 /* NSPreview.hpp */ = {isa = PBXFileReference; fileEncoding = 4; lastKnownFileType = sourcecode.cpp.h; path = NSPreview.hpp; sourceTree = "<group>"; };
		AF5101B625AE4C8500B8B5E6 /* SidePanel.swift */ = {isa = PBXFileReference; lastKnownFileType = sourcecode.swift; path = SidePanel.swift; sourceTree = "<group>"; };
		AF5101C625AFE0B800B8B5E6 /* PreviewPane.swift */ = {isa = PBXFileReference; lastKnownFileType = sourcecode.swift; path = PreviewPane.swift; sourceTree = "<group>"; };
		AFB402C225E2F4A700B4A9D6 /* Fonts.swift */ = {isa = PBXFileReference; lastKnownFileType = sourcecode.swift; path = Fonts.swift; sourceTree = "<group>"; };
		AFB402C825E2F4B100B4A9D6 /* Colors.swift */ = {isa = PBXFileReference; lastKnownFileType = sourcecode.swift; path = Colors.swift; sourceTree = "<group>"; };
		AFB402CE25E3071D00B4A9D6 /* Section.swift */ = {isa = PBXFileReference; fileEncoding = 4; lastKnownFileType = sourcecode.swift; path = Section.swift; sourceTree = "<group>"; };
		AFB402F925E3574700B4A9D6 /* Video-Previewer-GUI copy-Info.plist */ = {isa = PBXFileReference; lastKnownFileType = text.plist.xml; name = "Video-Previewer-GUI copy-Info.plist"; path = "/Users/mathew/Projects/Video-Previewer/Video-Previewer-GUI copy-Info.plist"; sourceTree = "<absolute>"; };
		AFE3A23B25BF493400B50756 /* NSString.mm */ = {isa = PBXFileReference; fileEncoding = 4; lastKnownFileType = sourcecode.cpp.objcpp; path = NSString.mm; sourceTree = "<group>"; };
		AFE3A23C25BF493400B50756 /* NSStringCpp.hpp */ = {isa = PBXFileReference; fileEncoding = 4; lastKnownFileType = sourcecode.cpp.h; path = NSStringCpp.hpp; sourceTree = "<group>"; };
		AFE3A24025BF531800B50756 /* NSConfig.hpp */ = {isa = PBXFileReference; fileEncoding = 4; lastKnownFileType = sourcecode.cpp.h; path = NSConfig.hpp; sourceTree = "<group>"; };
		AFE3A24125BF531800B50756 /* NSConfig.mm */ = {isa = PBXFileReference; fileEncoding = 4; lastKnownFileType = sourcecode.cpp.objcpp; path = NSConfig.mm; sourceTree = "<group>"; };
		AFE3A24225BF531800B50756 /* NSConfigCpp.hpp */ = {isa = PBXFileReference; fileEncoding = 4; lastKnownFileType = sourcecode.cpp.h; path = NSConfigCpp.hpp; sourceTree = "<group>"; };
		AFE45FE72590567100DB3402 /* Exceptions.hpp */ = {isa = PBXFileReference; lastKnownFileType = sourcecode.cpp.h; path = Exceptions.hpp; sourceTree = "<group>"; };
		AFE45FEB2590581D00DB3402 /* Configuration.cpp */ = {isa = PBXFileReference; lastKnownFileType = sourcecode.cpp.cpp; path = Configuration.cpp; sourceTree = "<group>"; };
		AFE45FEC2590581D00DB3402 /* Configuration.hpp */ = {isa = PBXFileReference; lastKnownFileType = sourcecode.cpp.h; path = Configuration.hpp; sourceTree = "<group>"; };
		AFE45FF525905CC300DB3402 /* Preview.hpp */ = {isa = PBXFileReference; lastKnownFileType = sourcecode.cpp.h; path = Preview.hpp; sourceTree = "<group>"; };
		AFE45FFF2591397E00DB3402 /* Preview.cpp */ = {isa = PBXFileReference; lastKnownFileType = sourcecode.cpp.cpp; path = Preview.cpp; sourceTree = "<group>"; };
		AFE665B025CA594F00A41E35 /* Constants.swift */ = {isa = PBXFileReference; lastKnownFileType = sourcecode.swift; path = Constants.swift; sourceTree = "<group>"; };
		AFE665B425CA598B00A41E35 /* PreviewData.swift */ = {isa = PBXFileReference; lastKnownFileType = sourcecode.swift; path = PreviewData.swift; sourceTree = "<group>"; };
		AFFB214F25AE392A008B2295 /* Video-Previewer.app */ = {isa = PBXFileReference; explicitFileType = wrapper.application; includeInIndex = 0; path = "Video-Previewer.app"; sourceTree = BUILT_PRODUCTS_DIR; };
		AFFB215125AE392A008B2295 /* AppDelegate.swift */ = {isa = PBXFileReference; lastKnownFileType = sourcecode.swift; path = AppDelegate.swift; sourceTree = "<group>"; };
		AFFB215325AE392A008B2295 /* ContentView.swift */ = {isa = PBXFileReference; lastKnownFileType = sourcecode.swift; path = ContentView.swift; sourceTree = "<group>"; };
		AFFB215525AE392B008B2295 /* Assets.xcassets */ = {isa = PBXFileReference; lastKnownFileType = folder.assetcatalog; path = Assets.xcassets; sourceTree = "<group>"; };
		AFFB215B25AE392B008B2295 /* Base */ = {isa = PBXFileReference; lastKnownFileType = file.storyboard; name = Base; path = Base.lproj/Main.storyboard; sourceTree = "<group>"; };
		AFFB215D25AE392B008B2295 /* Info.plist */ = {isa = PBXFileReference; lastKnownFileType = text.plist.xml; path = Info.plist; sourceTree = "<group>"; };
		AFFB21C725AE40FC008B2295 /* Video-Previewer-Bridging-Header.h */ = {isa = PBXFileReference; lastKnownFileType = sourcecode.c.h; path = "Video-Previewer-Bridging-Header.h"; sourceTree = "<group>"; };
		AFFDAC4925B8E88A002D8D64 /* NSPreviewCpp.hpp */ = {isa = PBXFileReference; lastKnownFileType = sourcecode.cpp.h; path = NSPreviewCpp.hpp; sourceTree = "<group>"; };
/* End PBXFileReference section */

/* Begin PBXFrameworksBuildPhase section */
		AFFB214C25AE392A008B2295 /* Frameworks */ = {
			isa = PBXFrameworksBuildPhase;
			buildActionMask = 2147483647;
			files = (
			);
			runOnlyForDeploymentPostprocessing = 0;
		};
/* End PBXFrameworksBuildPhase section */

/* Begin PBXGroup section */
		AFADD2B7255CAAB400D06F8F = {
			isa = PBXGroup;
			children = (
				AFADD2C2255CAAB400D06F8F /* Video-Previewer */,
				AFADD2C1255CAAB400D06F8F /* Products */,
				AFB402F925E3574700B4A9D6 /* Video-Previewer-GUI copy-Info.plist */,
			);
			sourceTree = "<group>";
		};
		AFADD2C1255CAAB400D06F8F /* Products */ = {
			isa = PBXGroup;
			children = (
				AFFB214F25AE392A008B2295 /* Video-Previewer.app */,
			);
			name = Products;
			sourceTree = "<group>";
		};
		AFADD2C2255CAAB400D06F8F /* Video-Previewer */ = {
			isa = PBXGroup;
			children = (
				AFB402FF25E3576900B4A9D6 /* C++ */,
				AFE665AD25CA58EC00A41E35 /* Objective-C */,
				AFE665AC25CA58BC00A41E35 /* Swift */,
				AFFB215A25AE392B008B2295 /* Main.storyboard */,
				AFFB215D25AE392B008B2295 /* Info.plist */,
				AFFB215525AE392B008B2295 /* Assets.xcassets */,
			);
			path = "Video-Previewer";
			sourceTree = "<group>";
		};
		AFB402C125E2F49100B4A9D6 /* Constants */ = {
			isa = PBXGroup;
			children = (
				AFB402C825E2F4B100B4A9D6 /* Colors.swift */,
				AFB402C225E2F4A700B4A9D6 /* Fonts.swift */,
				AFE665B025CA594F00A41E35 /* Constants.swift */,
			);
			name = Constants;
			sourceTree = "<group>";
		};
		AFB402FF25E3576900B4A9D6 /* C++ */ = {
			isa = PBXGroup;
			children = (
				AFE45FE72590567100DB3402 /* Exceptions.hpp */,
				AFE45FEC2590581D00DB3402 /* Configuration.hpp */,
				AFE45FEB2590581D00DB3402 /* Configuration.cpp */,
				AFE45FF525905CC300DB3402 /* Preview.hpp */,
				AFE45FFF2591397E00DB3402 /* Preview.cpp */,
			);
			path = "C++";
			sourceTree = "<group>";
		};
		AFE665AC25CA58BC00A41E35 /* Swift */ = {
			isa = PBXGroup;
			children = (
				AFB402C125E2F49100B4A9D6 /* Constants */,
				AF48AFF025DF30B5000B468C /* UserSettings.swift */,
				AFE665B425CA598B00A41E35 /* PreviewData.swift */,
				AFB402CE25E3071D00B4A9D6 /* Section.swift */,
				AFFB215125AE392A008B2295 /* AppDelegate.swift */,
				AFFB215325AE392A008B2295 /* ContentView.swift */,
				AF5101C625AFE0B800B8B5E6 /* PreviewPane.swift */,
				AF5101B625AE4C8500B8B5E6 /* SidePanel.swift */,
				AF48AFF425DF475D000B468C /* PreferencesView.swift */,
			);
			path = Swift;
			sourceTree = "<group>";
		};
		AFE665AD25CA58EC00A41E35 /* Objective-C */ = {
			isa = PBXGroup;
			children = (
				AFE3A24025BF531800B50756 /* NSConfig.hpp */,
				AFE3A24225BF531800B50756 /* NSConfigCpp.hpp */,
				AFE3A24125BF531800B50756 /* NSConfig.mm */,
				AF5101B225AE48B000B8B5E6 /* NSPreview.hpp */,
				AFFDAC4925B8E88A002D8D64 /* NSPreviewCpp.hpp */,
				AF5101B125AE48B000B8B5E6 /* NSPreview.mm */,
				AFE3A23C25BF493400B50756 /* NSStringCpp.hpp */,
				AFE3A23B25BF493400B50756 /* NSString.mm */,
				AFFB21C725AE40FC008B2295 /* Video-Previewer-Bridging-Header.h */,
			);
			path = "Objective-C";
			sourceTree = "<group>";
		};
/* End PBXGroup section */

/* Begin PBXNativeTarget section */
		AFFB214E25AE392A008B2295 /* Video-Previewer */ = {
			isa = PBXNativeTarget;
			buildConfigurationList = AFFB217B25AE392B008B2295 /* Build configuration list for PBXNativeTarget "Video-Previewer" */;
			buildPhases = (
				AFFB214B25AE392A008B2295 /* Sources */,
				AFFB214C25AE392A008B2295 /* Frameworks */,
				AFFB214D25AE392A008B2295 /* Resources */,
			);
			buildRules = (
			);
			dependencies = (
			);
			name = "Video-Previewer";
			productName = "Video-Previewer-GUI";
			productReference = AFFB214F25AE392A008B2295 /* Video-Previewer.app */;
			productType = "com.apple.product-type.application";
		};
/* End PBXNativeTarget section */

/* Begin PBXProject section */
		AFADD2B8255CAAB400D06F8F /* Project object */ = {
			isa = PBXProject;
			attributes = {
				LastSwiftUpdateCheck = 1230;
				LastUpgradeCheck = 1230;
				TargetAttributes = {
					AFFB214E25AE392A008B2295 = {
						CreatedOnToolsVersion = 12.3;
						LastSwiftMigration = 1230;
					};
				};
			};
			buildConfigurationList = AFADD2BB255CAAB400D06F8F /* Build configuration list for PBXProject "Video-Previewer" */;
			compatibilityVersion = "Xcode 9.3";
			developmentRegion = en;
			hasScannedForEncodings = 0;
			knownRegions = (
				en,
				Base,
			);
			mainGroup = AFADD2B7255CAAB400D06F8F;
			productRefGroup = AFADD2C1255CAAB400D06F8F /* Products */;
			projectDirPath = "";
			projectRoot = "";
			targets = (
				AFFB214E25AE392A008B2295 /* Video-Previewer */,
			);
		};
/* End PBXProject section */

/* Begin PBXResourcesBuildPhase section */
		AFFB214D25AE392A008B2295 /* Resources */ = {
			isa = PBXResourcesBuildPhase;
			buildActionMask = 2147483647;
			files = (
				AFFB215C25AE392B008B2295 /* Main.storyboard in Resources */,
				AFFB215625AE392B008B2295 /* Assets.xcassets in Resources */,
			);
			runOnlyForDeploymentPostprocessing = 0;
		};
/* End PBXResourcesBuildPhase section */

/* Begin PBXSourcesBuildPhase section */
		AFFB214B25AE392A008B2295 /* Sources */ = {
			isa = PBXSourcesBuildPhase;
			buildActionMask = 2147483647;
			files = (
				AFB402CF25E3071D00B4A9D6 /* Section.swift in Sources */,
				AFFB215425AE392A008B2295 /* ContentView.swift in Sources */,
				AFB402C325E2F4A700B4A9D6 /* Fonts.swift in Sources */,
				AFE665B125CA594F00A41E35 /* Constants.swift in Sources */,
				AFFB215225AE392A008B2295 /* AppDelegate.swift in Sources */,
				AF5101C125AE57C900B8B5E6 /* Configuration.cpp in Sources */,
				AF48AFF125DF30B5000B468C /* UserSettings.swift in Sources */,
				AFE665B525CA598B00A41E35 /* PreviewData.swift in Sources */,
				AFE3A23D25BF493400B50756 /* NSString.mm in Sources */,
				AFB402C925E2F4B100B4A9D6 /* Colors.swift in Sources */,
				AF5101C725AFE0B800B8B5E6 /* PreviewPane.swift in Sources */,
				AFE3A24325BF531800B50756 /* NSConfig.mm in Sources */,
				AF5101BE25AE57C600B8B5E6 /* Preview.cpp in Sources */,
				AF5101B325AE48B000B8B5E6 /* NSPreview.mm in Sources */,
				AF5101B725AE4C8500B8B5E6 /* SidePanel.swift in Sources */,
				AF48AFF525DF475D000B468C /* PreferencesView.swift in Sources */,
			);
			runOnlyForDeploymentPostprocessing = 0;
		};
/* End PBXSourcesBuildPhase section */

/* Begin PBXVariantGroup section */
		AFFB215A25AE392B008B2295 /* Main.storyboard */ = {
			isa = PBXVariantGroup;
			children = (
				AFFB215B25AE392B008B2295 /* Base */,
			);
			name = Main.storyboard;
			sourceTree = "<group>";
		};
/* End PBXVariantGroup section */

/* Begin XCBuildConfiguration section */
		AFADD2C5255CAAB400D06F8F /* Debug */ = {
			isa = XCBuildConfiguration;
			buildSettings = {
				ALWAYS_SEARCH_USER_PATHS = NO;
				CLANG_ANALYZER_NONNULL = YES;
				CLANG_ANALYZER_NUMBER_OBJECT_CONVERSION = YES_AGGRESSIVE;
				CLANG_CXX_LANGUAGE_STANDARD = "gnu++17";
				CLANG_CXX_LIBRARY = "libc++";
				CLANG_ENABLE_MODULES = YES;
				CLANG_ENABLE_OBJC_ARC = YES;
				CLANG_ENABLE_OBJC_WEAK = YES;
				CLANG_WARN_BLOCK_CAPTURE_AUTORELEASING = YES;
				CLANG_WARN_BOOL_CONVERSION = YES;
				CLANG_WARN_COMMA = YES;
				CLANG_WARN_CONSTANT_CONVERSION = YES;
				CLANG_WARN_DEPRECATED_OBJC_IMPLEMENTATIONS = YES;
				CLANG_WARN_DIRECT_OBJC_ISA_USAGE = YES_ERROR;
				CLANG_WARN_DOCUMENTATION_COMMENTS = YES;
				CLANG_WARN_EMPTY_BODY = YES;
				CLANG_WARN_ENUM_CONVERSION = YES;
				CLANG_WARN_INFINITE_RECURSION = YES;
				CLANG_WARN_INT_CONVERSION = YES;
				CLANG_WARN_NON_LITERAL_NULL_CONVERSION = YES;
				CLANG_WARN_OBJC_IMPLICIT_RETAIN_SELF = YES;
				CLANG_WARN_OBJC_LITERAL_CONVERSION = YES;
				CLANG_WARN_OBJC_ROOT_CLASS = YES_ERROR;
				CLANG_WARN_QUOTED_INCLUDE_IN_FRAMEWORK_HEADER = YES;
				CLANG_WARN_RANGE_LOOP_ANALYSIS = YES;
				CLANG_WARN_STRICT_PROTOTYPES = YES;
				CLANG_WARN_SUSPICIOUS_MOVE = YES;
				CLANG_WARN_UNGUARDED_AVAILABILITY = YES_AGGRESSIVE;
				CLANG_WARN_UNREACHABLE_CODE = YES;
				CLANG_WARN__DUPLICATE_METHOD_MATCH = YES;
				COPY_PHASE_STRIP = NO;
				DEBUG_INFORMATION_FORMAT = dwarf;
				ENABLE_STRICT_OBJC_MSGSEND = YES;
				ENABLE_TESTABILITY = YES;
				GCC_C_LANGUAGE_STANDARD = gnu11;
				GCC_DYNAMIC_NO_PIC = NO;
				GCC_NO_COMMON_BLOCKS = YES;
				GCC_OPTIMIZATION_LEVEL = 0;
				GCC_PREPROCESSOR_DEFINITIONS = (
					"DEBUG=1",
					"$(inherited)",
				);
				GCC_WARN_64_TO_32_BIT_CONVERSION = YES;
				GCC_WARN_ABOUT_RETURN_TYPE = YES_ERROR;
				GCC_WARN_UNDECLARED_SELECTOR = YES;
				GCC_WARN_UNINITIALIZED_AUTOS = YES_AGGRESSIVE;
				GCC_WARN_UNUSED_FUNCTION = YES;
				GCC_WARN_UNUSED_VARIABLE = YES;
				MACOSX_DEPLOYMENT_TARGET = 10.15;
				MTL_ENABLE_DEBUG_INFO = INCLUDE_SOURCE;
				MTL_FAST_MATH = YES;
				ONLY_ACTIVE_ARCH = YES;
				SDKROOT = macosx;
			};
			name = Debug;
		};
		AFADD2C6255CAAB400D06F8F /* Release */ = {
			isa = XCBuildConfiguration;
			buildSettings = {
				ALWAYS_SEARCH_USER_PATHS = NO;
				CLANG_ANALYZER_NONNULL = YES;
				CLANG_ANALYZER_NUMBER_OBJECT_CONVERSION = YES_AGGRESSIVE;
				CLANG_CXX_LANGUAGE_STANDARD = "gnu++17";
				CLANG_CXX_LIBRARY = "libc++";
				CLANG_ENABLE_MODULES = YES;
				CLANG_ENABLE_OBJC_ARC = YES;
				CLANG_ENABLE_OBJC_WEAK = YES;
				CLANG_WARN_BLOCK_CAPTURE_AUTORELEASING = YES;
				CLANG_WARN_BOOL_CONVERSION = YES;
				CLANG_WARN_COMMA = YES;
				CLANG_WARN_CONSTANT_CONVERSION = YES;
				CLANG_WARN_DEPRECATED_OBJC_IMPLEMENTATIONS = YES;
				CLANG_WARN_DIRECT_OBJC_ISA_USAGE = YES_ERROR;
				CLANG_WARN_DOCUMENTATION_COMMENTS = YES;
				CLANG_WARN_EMPTY_BODY = YES;
				CLANG_WARN_ENUM_CONVERSION = YES;
				CLANG_WARN_INFINITE_RECURSION = YES;
				CLANG_WARN_INT_CONVERSION = YES;
				CLANG_WARN_NON_LITERAL_NULL_CONVERSION = YES;
				CLANG_WARN_OBJC_IMPLICIT_RETAIN_SELF = YES;
				CLANG_WARN_OBJC_LITERAL_CONVERSION = YES;
				CLANG_WARN_OBJC_ROOT_CLASS = YES_ERROR;
				CLANG_WARN_QUOTED_INCLUDE_IN_FRAMEWORK_HEADER = YES;
				CLANG_WARN_RANGE_LOOP_ANALYSIS = YES;
				CLANG_WARN_STRICT_PROTOTYPES = YES;
				CLANG_WARN_SUSPICIOUS_MOVE = YES;
				CLANG_WARN_UNGUARDED_AVAILABILITY = YES_AGGRESSIVE;
				CLANG_WARN_UNREACHABLE_CODE = YES;
				CLANG_WARN__DUPLICATE_METHOD_MATCH = YES;
				COPY_PHASE_STRIP = NO;
				DEBUG_INFORMATION_FORMAT = "dwarf-with-dsym";
				ENABLE_NS_ASSERTIONS = NO;
				ENABLE_STRICT_OBJC_MSGSEND = YES;
				GCC_C_LANGUAGE_STANDARD = gnu11;
				GCC_NO_COMMON_BLOCKS = YES;
				GCC_WARN_64_TO_32_BIT_CONVERSION = YES;
				GCC_WARN_ABOUT_RETURN_TYPE = YES_ERROR;
				GCC_WARN_UNDECLARED_SELECTOR = YES;
				GCC_WARN_UNINITIALIZED_AUTOS = YES_AGGRESSIVE;
				GCC_WARN_UNUSED_FUNCTION = YES;
				GCC_WARN_UNUSED_VARIABLE = YES;
				MACOSX_DEPLOYMENT_TARGET = 10.15;
				MTL_ENABLE_DEBUG_INFO = NO;
				MTL_FAST_MATH = YES;
				ONLY_ACTIVE_ARCH = YES;
				SDKROOT = macosx;
				SWIFT_COMPILATION_MODE = wholemodule;
			};
			name = Release;
		};
		AFFB217525AE392B008B2295 /* Debug */ = {
			isa = XCBuildConfiguration;
			buildSettings = {
				ASSETCATALOG_COMPILER_APPICON_NAME = AppIcon;
				ASSETCATALOG_COMPILER_GLOBAL_ACCENT_COLOR_NAME = AccentColor;
				CLANG_CXX_LANGUAGE_STANDARD = "gnu++17";
				CLANG_ENABLE_MODULES = YES;
				CODE_SIGN_ENTITLEMENTS = "";
				CODE_SIGN_IDENTITY = "-";
				CODE_SIGN_STYLE = Automatic;
				COMBINE_HIDPI_IMAGES = YES;
				DEVELOPMENT_ASSET_PATHS = "";
				ENABLE_PREVIEWS = YES;
				HEADER_SEARCH_PATHS = "opencv/4.5.0_3/include/**";
				INFOPLIST_FILE = "Video-Previewer/Info.plist";
				LD_RUNPATH_SEARCH_PATHS = (
					"$(inherited)",
					"@executable_path/../Frameworks",
				);
				LIBRARY_SEARCH_PATHS = "opencv/4.5.0_3/lib/**";
				MACOSX_DEPLOYMENT_TARGET = 10.15;
				OTHER_LDFLAGS = (
					"-I/usr/local/Cellar/opencv/4.5.0_3/include/opencv4",
					"-L/usr/local/Cellar/opencv/4.5.0_3/lib",
					"-lopencv_gapi",
					"-lopencv_stitching",
					"-lopencv_alphamat",
					"-lopencv_aruco",
					"-lopencv_bgsegm",
					"-lopencv_bioinspired",
					"-lopencv_ccalib",
					"-lopencv_dnn_objdetect",
					"-lopencv_dnn_superres",
					"-lopencv_dpm",
					"-lopencv_highgui",
					"-lopencv_face",
					"-lopencv_freetype",
					"-lopencv_fuzzy",
					"-lopencv_hfs",
					"-lopencv_img_hash",
					"-lopencv_intensity_transform",
					"-lopencv_line_descriptor",
					"-lopencv_mcc",
					"-lopencv_quality",
					"-lopencv_rapid",
					"-lopencv_reg",
					"-lopencv_rgbd",
					"-lopencv_saliency",
					"-lopencv_sfm",
					"-lopencv_stereo",
					"-lopencv_structured_light",
					"-lopencv_phase_unwrapping",
					"-lopencv_superres",
					"-lopencv_optflow",
					"-lopencv_surface_matching",
					"-lopencv_tracking",
					"-lopencv_datasets",
					"-lopencv_text",
					"-lopencv_dnn",
					"-lopencv_plot",
					"-lopencv_videostab",
					"-lopencv_videoio",
					"-lopencv_viz",
					"-lopencv_xfeatures2d",
					"-lopencv_shape",
					"-lopencv_ml",
					"-lopencv_ximgproc",
					"-lopencv_video",
					"-lopencv_xobjdetect",
					"-lopencv_objdetect",
					"-lopencv_calib3d",
					"-lopencv_imgcodecs",
					"-lopencv_features2d",
					"-lopencv_flann",
					"-lopencv_xphoto",
					"-lopencv_photo",
					"-lopencv_imgproc",
					"-lopencv_core",
				);
				PRODUCT_BUNDLE_IDENTIFIER = "mdenys.Video-Previewer-GUI";
				PRODUCT_NAME = "$(TARGET_NAME)";
				SWIFT_ACTIVE_COMPILATION_CONDITIONS = DEBUG;
				SWIFT_OBJC_BRIDGING_HEADER = "Video-Previewer/Objective-C/Video-Previewer-Bridging-Header.h";
				SWIFT_OPTIMIZATION_LEVEL = "-Onone";
				SWIFT_VERSION = 5.0;
			};
			name = Debug;
		};
		AFFB217625AE392B008B2295 /* Release */ = {
			isa = XCBuildConfiguration;
			buildSettings = {
				ASSETCATALOG_COMPILER_APPICON_NAME = AppIcon;
				ASSETCATALOG_COMPILER_GLOBAL_ACCENT_COLOR_NAME = AccentColor;
				CLANG_CXX_LANGUAGE_STANDARD = "gnu++17";
				CLANG_ENABLE_MODULES = YES;
				CODE_SIGN_ENTITLEMENTS = "";
				CODE_SIGN_IDENTITY = "-";
				CODE_SIGN_STYLE = Automatic;
				COMBINE_HIDPI_IMAGES = YES;
				DEVELOPMENT_ASSET_PATHS = "";
				ENABLE_PREVIEWS = YES;
				HEADER_SEARCH_PATHS = "opencv/4.5.0_3/include/**";
				INFOPLIST_FILE = "Video-Previewer/Info.plist";
				LD_RUNPATH_SEARCH_PATHS = (
					"$(inherited)",
					"@executable_path/../Frameworks",
				);
				LIBRARY_SEARCH_PATHS = "opencv/4.5.0_3/lib/**";
				MACOSX_DEPLOYMENT_TARGET = 10.15;
				OTHER_LDFLAGS = (
					"-I/usr/local/Cellar/opencv/4.5.0_3/include/opencv4",
					"-L/usr/local/Cellar/opencv/4.5.0_3/lib",
					"-lopencv_gapi",
					"-lopencv_stitching",
					"-lopencv_alphamat",
					"-lopencv_aruco",
					"-lopencv_bgsegm",
					"-lopencv_bioinspired",
					"-lopencv_ccalib",
					"-lopencv_dnn_objdetect",
					"-lopencv_dnn_superres",
					"-lopencv_dpm",
					"-lopencv_highgui",
					"-lopencv_face",
					"-lopencv_freetype",
					"-lopencv_fuzzy",
					"-lopencv_hfs",
					"-lopencv_img_hash",
					"-lopencv_intensity_transform",
					"-lopencv_line_descriptor",
					"-lopencv_mcc",
					"-lopencv_quality",
					"-lopencv_rapid",
					"-lopencv_reg",
					"-lopencv_rgbd",
					"-lopencv_saliency",
					"-lopencv_sfm",
					"-lopencv_stereo",
					"-lopencv_structured_light",
					"-lopencv_phase_unwrapping",
					"-lopencv_superres",
					"-lopencv_optflow",
					"-lopencv_surface_matching",
					"-lopencv_tracking",
					"-lopencv_datasets",
					"-lopencv_text",
					"-lopencv_dnn",
					"-lopencv_plot",
					"-lopencv_videostab",
					"-lopencv_videoio",
					"-lopencv_viz",
					"-lopencv_xfeatures2d",
					"-lopencv_shape",
					"-lopencv_ml",
					"-lopencv_ximgproc",
					"-lopencv_video",
					"-lopencv_xobjdetect",
					"-lopencv_objdetect",
					"-lopencv_calib3d",
					"-lopencv_imgcodecs",
					"-lopencv_features2d",
					"-lopencv_flann",
					"-lopencv_xphoto",
					"-lopencv_photo",
					"-lopencv_imgproc",
					"-lopencv_core",
				);
				PRODUCT_BUNDLE_IDENTIFIER = "mdenys.Video-Previewer-GUI";
				PRODUCT_NAME = "$(TARGET_NAME)";
				SWIFT_COMPILATION_MODE = wholemodule;
				SWIFT_OBJC_BRIDGING_HEADER = "Video-Previewer/Objective-C/Video-Previewer-Bridging-Header.h";
				SWIFT_OPTIMIZATION_LEVEL = "-O";
				SWIFT_VERSION = 5.0;
			};
			name = Release;
		};
/* End XCBuildConfiguration section */

/* Begin XCConfigurationList section */
		AFADD2BB255CAAB400D06F8F /* Build configuration list for PBXProject "Video-Previewer" */ = {
			isa = XCConfigurationList;
			buildConfigurations = (
				AFADD2C5255CAAB400D06F8F /* Debug */,
				AFADD2C6255CAAB400D06F8F /* Release */,
			);
			defaultConfigurationIsVisible = 0;
			defaultConfigurationName = Release;
		};
		AFFB217B25AE392B008B2295 /* Build configuration list for PBXNativeTarget "Video-Previewer" */ = {
			isa = XCConfigurationList;
			buildConfigurations = (
				AFFB217525AE392B008B2295 /* Debug */,
				AFFB217625AE392B008B2295 /* Release */,
			);
			defaultConfigurationIsVisible = 0;
			defaultConfigurationName = Release;
		};
/* End XCConfigurationList section */
	};
	rootObject = AFADD2B8255CAAB400D06F8F /* Project object */;
}
