// !$*UTF8*$!
{
	archiveVersion = 1;
	classes = {
	};
	objectVersion = 50;
	objects = {

/* Begin PBXBuildFile section */
		AF5101B325AE48B000B8B5E6 /* PreviewWrapper.mm in Sources */ = {isa = PBXBuildFile; fileRef = AF5101B125AE48B000B8B5E6 /* PreviewWrapper.mm */; };
		AFADD2C4255CAAB400D06F8F /* main.cpp in Sources */ = {isa = PBXBuildFile; fileRef = AFADD2C3255CAAB400D06F8F /* main.cpp */; };
		AFE45FED2590581D00DB3402 /* Configuration.cpp in Sources */ = {isa = PBXBuildFile; fileRef = AFE45FEB2590581D00DB3402 /* Configuration.cpp */; };
		AFE460002591397E00DB3402 /* Preview.cpp in Sources */ = {isa = PBXBuildFile; fileRef = AFE45FFF2591397E00DB3402 /* Preview.cpp */; };
		AFFB215225AE392A008B2295 /* AppDelegate.swift in Sources */ = {isa = PBXBuildFile; fileRef = AFFB215125AE392A008B2295 /* AppDelegate.swift */; };
		AFFB215425AE392A008B2295 /* ContentView.swift in Sources */ = {isa = PBXBuildFile; fileRef = AFFB215325AE392A008B2295 /* ContentView.swift */; };
		AFFB215625AE392B008B2295 /* Assets.xcassets in Resources */ = {isa = PBXBuildFile; fileRef = AFFB215525AE392B008B2295 /* Assets.xcassets */; };
		AFFB215925AE392B008B2295 /* Preview Assets.xcassets in Resources */ = {isa = PBXBuildFile; fileRef = AFFB215825AE392B008B2295 /* Preview Assets.xcassets */; };
		AFFB215C25AE392B008B2295 /* Main.storyboard in Resources */ = {isa = PBXBuildFile; fileRef = AFFB215A25AE392B008B2295 /* Main.storyboard */; };
/* End PBXBuildFile section */

/* Begin PBXCopyFilesBuildPhase section */
		AFADD2BE255CAAB400D06F8F /* CopyFiles */ = {
			isa = PBXCopyFilesBuildPhase;
			buildActionMask = 2147483647;
			dstPath = /usr/share/man/man1/;
			dstSubfolderSpec = 0;
			files = (
			);
			runOnlyForDeploymentPostprocessing = 1;
		};
/* End PBXCopyFilesBuildPhase section */

/* Begin PBXFileReference section */
		AF5101B125AE48B000B8B5E6 /* PreviewWrapper.mm */ = {isa = PBXFileReference; fileEncoding = 4; lastKnownFileType = sourcecode.cpp.objcpp; path = PreviewWrapper.mm; sourceTree = "<group>"; };
		AF5101B225AE48B000B8B5E6 /* PreviewWrapper.hpp */ = {isa = PBXFileReference; fileEncoding = 4; lastKnownFileType = sourcecode.cpp.h; path = PreviewWrapper.hpp; sourceTree = "<group>"; };
		AFADD2C0255CAAB400D06F8F /* Video-Previewer */ = {isa = PBXFileReference; explicitFileType = "compiled.mach-o.executable"; includeInIndex = 0; path = "Video-Previewer"; sourceTree = BUILT_PRODUCTS_DIR; };
		AFADD2C3255CAAB400D06F8F /* main.cpp */ = {isa = PBXFileReference; lastKnownFileType = sourcecode.cpp.cpp; path = main.cpp; sourceTree = "<group>"; };
		AFE45FE72590567100DB3402 /* Exceptions.hpp */ = {isa = PBXFileReference; lastKnownFileType = sourcecode.cpp.h; path = Exceptions.hpp; sourceTree = "<group>"; };
		AFE45FEB2590581D00DB3402 /* Configuration.cpp */ = {isa = PBXFileReference; lastKnownFileType = sourcecode.cpp.cpp; path = Configuration.cpp; sourceTree = "<group>"; };
		AFE45FEC2590581D00DB3402 /* Configuration.hpp */ = {isa = PBXFileReference; lastKnownFileType = sourcecode.cpp.h; path = Configuration.hpp; sourceTree = "<group>"; };
		AFE45FF525905CC300DB3402 /* Preview.hpp */ = {isa = PBXFileReference; lastKnownFileType = sourcecode.cpp.h; path = Preview.hpp; sourceTree = "<group>"; };
		AFE45FFF2591397E00DB3402 /* Preview.cpp */ = {isa = PBXFileReference; lastKnownFileType = sourcecode.cpp.cpp; path = Preview.cpp; sourceTree = "<group>"; };
		AFFB214F25AE392A008B2295 /* Video-Previewer-GUI.app */ = {isa = PBXFileReference; explicitFileType = wrapper.application; includeInIndex = 0; path = "Video-Previewer-GUI.app"; sourceTree = BUILT_PRODUCTS_DIR; };
		AFFB215125AE392A008B2295 /* AppDelegate.swift */ = {isa = PBXFileReference; lastKnownFileType = sourcecode.swift; path = AppDelegate.swift; sourceTree = "<group>"; };
		AFFB215325AE392A008B2295 /* ContentView.swift */ = {isa = PBXFileReference; lastKnownFileType = sourcecode.swift; path = ContentView.swift; sourceTree = "<group>"; };
		AFFB215525AE392B008B2295 /* Assets.xcassets */ = {isa = PBXFileReference; lastKnownFileType = folder.assetcatalog; path = Assets.xcassets; sourceTree = "<group>"; };
		AFFB215825AE392B008B2295 /* Preview Assets.xcassets */ = {isa = PBXFileReference; lastKnownFileType = folder.assetcatalog; path = "Preview Assets.xcassets"; sourceTree = "<group>"; };
		AFFB215B25AE392B008B2295 /* Base */ = {isa = PBXFileReference; lastKnownFileType = file.storyboard; name = Base; path = Base.lproj/Main.storyboard; sourceTree = "<group>"; };
		AFFB215D25AE392B008B2295 /* Info.plist */ = {isa = PBXFileReference; lastKnownFileType = text.plist.xml; path = Info.plist; sourceTree = "<group>"; };
		AFFB215E25AE392B008B2295 /* Video_Previewer_GUI.entitlements */ = {isa = PBXFileReference; lastKnownFileType = text.plist.entitlements; path = Video_Previewer_GUI.entitlements; sourceTree = "<group>"; };
		AFFB21C725AE40FC008B2295 /* Video-Previewer-GUI-Bridging-Header.h */ = {isa = PBXFileReference; lastKnownFileType = sourcecode.c.h; path = "Video-Previewer-GUI-Bridging-Header.h"; sourceTree = "<group>"; };
/* End PBXFileReference section */

/* Begin PBXFrameworksBuildPhase section */
		AFADD2BD255CAAB400D06F8F /* Frameworks */ = {
			isa = PBXFrameworksBuildPhase;
			buildActionMask = 2147483647;
			files = (
			);
			runOnlyForDeploymentPostprocessing = 0;
		};
		AFFB214C25AE392A008B2295 /* Frameworks */ = {
			isa = PBXFrameworksBuildPhase;
			buildActionMask = 2147483647;
			files = (
			);
			runOnlyForDeploymentPostprocessing = 0;
		};
/* End PBXFrameworksBuildPhase section */

/* Begin PBXGroup section */
		AFADD2B7255CAAB400D06F8F = {
			isa = PBXGroup;
			children = (
				AFADD2C2255CAAB400D06F8F /* Video-Previewer */,
				AFFB215025AE392A008B2295 /* Video-Previewer-GUI */,
				AFADD2C1255CAAB400D06F8F /* Products */,
			);
			sourceTree = "<group>";
		};
		AFADD2C1255CAAB400D06F8F /* Products */ = {
			isa = PBXGroup;
			children = (
				AFADD2C0255CAAB400D06F8F /* Video-Previewer */,
				AFFB214F25AE392A008B2295 /* Video-Previewer-GUI.app */,
			);
			name = Products;
			sourceTree = "<group>";
		};
		AFADD2C2255CAAB400D06F8F /* Video-Previewer */ = {
			isa = PBXGroup;
			children = (
				AFADD2C3255CAAB400D06F8F /* main.cpp */,
				AFE45FF525905CC300DB3402 /* Preview.hpp */,
				AFE45FFF2591397E00DB3402 /* Preview.cpp */,
				AFE45FEB2590581D00DB3402 /* Configuration.cpp */,
				AFE45FEC2590581D00DB3402 /* Configuration.hpp */,
				AFE45FE72590567100DB3402 /* Exceptions.hpp */,
			);
			path = "Video-Previewer";
			sourceTree = "<group>";
		};
		AFFB215025AE392A008B2295 /* Video-Previewer-GUI */ = {
			isa = PBXGroup;
			children = (
				AF5101B225AE48B000B8B5E6 /* PreviewWrapper.hpp */,
				AF5101B125AE48B000B8B5E6 /* PreviewWrapper.mm */,
				AFFB215125AE392A008B2295 /* AppDelegate.swift */,
				AFFB215325AE392A008B2295 /* ContentView.swift */,
				AFFB215525AE392B008B2295 /* Assets.xcassets */,
				AFFB215A25AE392B008B2295 /* Main.storyboard */,
				AFFB215D25AE392B008B2295 /* Info.plist */,
				AFFB215E25AE392B008B2295 /* Video_Previewer_GUI.entitlements */,
				AFFB215725AE392B008B2295 /* Preview Content */,
				AFFB21C725AE40FC008B2295 /* Video-Previewer-GUI-Bridging-Header.h */,
			);
			path = "Video-Previewer-GUI";
			sourceTree = "<group>";
		};
		AFFB215725AE392B008B2295 /* Preview Content */ = {
			isa = PBXGroup;
			children = (
				AFFB215825AE392B008B2295 /* Preview Assets.xcassets */,
			);
			path = "Preview Content";
			sourceTree = "<group>";
		};
/* End PBXGroup section */

/* Begin PBXNativeTarget section */
		AFADD2BF255CAAB400D06F8F /* Video-Previewer */ = {
			isa = PBXNativeTarget;
			buildConfigurationList = AFADD2C7255CAAB400D06F8F /* Build configuration list for PBXNativeTarget "Video-Previewer" */;
			buildPhases = (
				AFADD2BC255CAAB400D06F8F /* Sources */,
				AFADD2BD255CAAB400D06F8F /* Frameworks */,
				AFADD2BE255CAAB400D06F8F /* CopyFiles */,
			);
			buildRules = (
			);
			dependencies = (
			);
			name = "Video-Previewer";
			productName = "Video-Previewer";
			productReference = AFADD2C0255CAAB400D06F8F /* Video-Previewer */;
			productType = "com.apple.product-type.tool";
		};
		AFFB214E25AE392A008B2295 /* Video-Previewer-GUI */ = {
			isa = PBXNativeTarget;
			buildConfigurationList = AFFB217B25AE392B008B2295 /* Build configuration list for PBXNativeTarget "Video-Previewer-GUI" */;
			buildPhases = (
				AFFB214B25AE392A008B2295 /* Sources */,
				AFFB214C25AE392A008B2295 /* Frameworks */,
				AFFB214D25AE392A008B2295 /* Resources */,
			);
			buildRules = (
			);
			dependencies = (
			);
			name = "Video-Previewer-GUI";
			productName = "Video-Previewer-GUI";
			productReference = AFFB214F25AE392A008B2295 /* Video-Previewer-GUI.app */;
			productType = "com.apple.product-type.application";
		};
/* End PBXNativeTarget section */

/* Begin PBXProject section */
		AFADD2B8255CAAB400D06F8F /* Project object */ = {
			isa = PBXProject;
			attributes = {
				LastSwiftUpdateCheck = 1230;
				LastUpgradeCheck = 1230;
				TargetAttributes = {
					AFADD2BF255CAAB400D06F8F = {
						CreatedOnToolsVersion = 12.1;
					};
					AFFB214E25AE392A008B2295 = {
						CreatedOnToolsVersion = 12.3;
						LastSwiftMigration = 1230;
					};
				};
			};
			buildConfigurationList = AFADD2BB255CAAB400D06F8F /* Build configuration list for PBXProject "Video-Previewer" */;
			compatibilityVersion = "Xcode 9.3";
			developmentRegion = en;
			hasScannedForEncodings = 0;
			knownRegions = (
				en,
				Base,
			);
			mainGroup = AFADD2B7255CAAB400D06F8F;
			productRefGroup = AFADD2C1255CAAB400D06F8F /* Products */;
			projectDirPath = "";
			projectRoot = "";
			targets = (
				AFADD2BF255CAAB400D06F8F /* Video-Previewer */,
				AFFB214E25AE392A008B2295 /* Video-Previewer-GUI */,
			);
		};
/* End PBXProject section */

/* Begin PBXResourcesBuildPhase section */
		AFFB214D25AE392A008B2295 /* Resources */ = {
			isa = PBXResourcesBuildPhase;
			buildActionMask = 2147483647;
			files = (
				AFFB215C25AE392B008B2295 /* Main.storyboard in Resources */,
				AFFB215925AE392B008B2295 /* Preview Assets.xcassets in Resources */,
				AFFB215625AE392B008B2295 /* Assets.xcassets in Resources */,
			);
			runOnlyForDeploymentPostprocessing = 0;
		};
/* End PBXResourcesBuildPhase section */

/* Begin PBXSourcesBuildPhase section */
		AFADD2BC255CAAB400D06F8F /* Sources */ = {
			isa = PBXSourcesBuildPhase;
			buildActionMask = 2147483647;
			files = (
				AFE45FED2590581D00DB3402 /* Configuration.cpp in Sources */,
				AFADD2C4255CAAB400D06F8F /* main.cpp in Sources */,
				AFE460002591397E00DB3402 /* Preview.cpp in Sources */,
			);
			runOnlyForDeploymentPostprocessing = 0;
		};
		AFFB214B25AE392A008B2295 /* Sources */ = {
			isa = PBXSourcesBuildPhase;
			buildActionMask = 2147483647;
			files = (
				AFFB215425AE392A008B2295 /* ContentView.swift in Sources */,
				AFFB215225AE392A008B2295 /* AppDelegate.swift in Sources */,
				AF5101B325AE48B000B8B5E6 /* PreviewWrapper.mm in Sources */,
			);
			runOnlyForDeploymentPostprocessing = 0;
		};
/* End PBXSourcesBuildPhase section */

/* Begin PBXVariantGroup section */
		AFFB215A25AE392B008B2295 /* Main.storyboard */ = {
			isa = PBXVariantGroup;
			children = (
				AFFB215B25AE392B008B2295 /* Base */,
			);
			name = Main.storyboard;
			sourceTree = "<group>";
		};
/* End PBXVariantGroup section */

/* Begin XCBuildConfiguration section */
		AFADD2C5255CAAB400D06F8F /* Debug */ = {
			isa = XCBuildConfiguration;
			buildSettings = {
				ALWAYS_SEARCH_USER_PATHS = NO;
				CLANG_ANALYZER_NONNULL = YES;
				CLANG_ANALYZER_NUMBER_OBJECT_CONVERSION = YES_AGGRESSIVE;
				CLANG_CXX_LANGUAGE_STANDARD = "gnu++17";
				CLANG_CXX_LIBRARY = "libc++";
				CLANG_ENABLE_MODULES = YES;
				CLANG_ENABLE_OBJC_ARC = YES;
				CLANG_ENABLE_OBJC_WEAK = YES;
				CLANG_WARN_BLOCK_CAPTURE_AUTORELEASING = YES;
				CLANG_WARN_BOOL_CONVERSION = YES;
				CLANG_WARN_COMMA = YES;
				CLANG_WARN_CONSTANT_CONVERSION = YES;
				CLANG_WARN_DEPRECATED_OBJC_IMPLEMENTATIONS = YES;
				CLANG_WARN_DIRECT_OBJC_ISA_USAGE = YES_ERROR;
				CLANG_WARN_DOCUMENTATION_COMMENTS = YES;
				CLANG_WARN_EMPTY_BODY = YES;
				CLANG_WARN_ENUM_CONVERSION = YES;
				CLANG_WARN_INFINITE_RECURSION = YES;
				CLANG_WARN_INT_CONVERSION = YES;
				CLANG_WARN_NON_LITERAL_NULL_CONVERSION = YES;
				CLANG_WARN_OBJC_IMPLICIT_RETAIN_SELF = YES;
				CLANG_WARN_OBJC_LITERAL_CONVERSION = YES;
				CLANG_WARN_OBJC_ROOT_CLASS = YES_ERROR;
				CLANG_WARN_QUOTED_INCLUDE_IN_FRAMEWORK_HEADER = YES;
				CLANG_WARN_RANGE_LOOP_ANALYSIS = YES;
				CLANG_WARN_STRICT_PROTOTYPES = YES;
				CLANG_WARN_SUSPICIOUS_MOVE = YES;
				CLANG_WARN_UNGUARDED_AVAILABILITY = YES_AGGRESSIVE;
				CLANG_WARN_UNREACHABLE_CODE = YES;
				CLANG_WARN__DUPLICATE_METHOD_MATCH = YES;
				COPY_PHASE_STRIP = NO;
				DEBUG_INFORMATION_FORMAT = dwarf;
				ENABLE_STRICT_OBJC_MSGSEND = YES;
				ENABLE_TESTABILITY = YES;
				GCC_C_LANGUAGE_STANDARD = gnu11;
				GCC_DYNAMIC_NO_PIC = NO;
				GCC_NO_COMMON_BLOCKS = YES;
				GCC_OPTIMIZATION_LEVEL = 0;
				GCC_PREPROCESSOR_DEFINITIONS = (
					"DEBUG=1",
					"$(inherited)",
				);
				GCC_WARN_64_TO_32_BIT_CONVERSION = YES;
				GCC_WARN_ABOUT_RETURN_TYPE = YES_ERROR;
				GCC_WARN_UNDECLARED_SELECTOR = YES;
				GCC_WARN_UNINITIALIZED_AUTOS = YES_AGGRESSIVE;
				GCC_WARN_UNUSED_FUNCTION = YES;
				GCC_WARN_UNUSED_VARIABLE = YES;
				MACOSX_DEPLOYMENT_TARGET = 10.15;
				MTL_ENABLE_DEBUG_INFO = INCLUDE_SOURCE;
				MTL_FAST_MATH = YES;
				ONLY_ACTIVE_ARCH = YES;
				SDKROOT = macosx;
			};
			name = Debug;
		};
		AFADD2C6255CAAB400D06F8F /* Release */ = {
			isa = XCBuildConfiguration;
			buildSettings = {
				ALWAYS_SEARCH_USER_PATHS = NO;
				CLANG_ANALYZER_NONNULL = YES;
				CLANG_ANALYZER_NUMBER_OBJECT_CONVERSION = YES_AGGRESSIVE;
				CLANG_CXX_LANGUAGE_STANDARD = "gnu++17";
				CLANG_CXX_LIBRARY = "libc++";
				CLANG_ENABLE_MODULES = YES;
				CLANG_ENABLE_OBJC_ARC = YES;
				CLANG_ENABLE_OBJC_WEAK = YES;
				CLANG_WARN_BLOCK_CAPTURE_AUTORELEASING = YES;
				CLANG_WARN_BOOL_CONVERSION = YES;
				CLANG_WARN_COMMA = YES;
				CLANG_WARN_CONSTANT_CONVERSION = YES;
				CLANG_WARN_DEPRECATED_OBJC_IMPLEMENTATIONS = YES;
				CLANG_WARN_DIRECT_OBJC_ISA_USAGE = YES_ERROR;
				CLANG_WARN_DOCUMENTATION_COMMENTS = YES;
				CLANG_WARN_EMPTY_BODY = YES;
				CLANG_WARN_ENUM_CONVERSION = YES;
				CLANG_WARN_INFINITE_RECURSION = YES;
				CLANG_WARN_INT_CONVERSION = YES;
				CLANG_WARN_NON_LITERAL_NULL_CONVERSION = YES;
				CLANG_WARN_OBJC_IMPLICIT_RETAIN_SELF = YES;
				CLANG_WARN_OBJC_LITERAL_CONVERSION = YES;
				CLANG_WARN_OBJC_ROOT_CLASS = YES_ERROR;
				CLANG_WARN_QUOTED_INCLUDE_IN_FRAMEWORK_HEADER = YES;
				CLANG_WARN_RANGE_LOOP_ANALYSIS = YES;
				CLANG_WARN_STRICT_PROTOTYPES = YES;
				CLANG_WARN_SUSPICIOUS_MOVE = YES;
				CLANG_WARN_UNGUARDED_AVAILABILITY = YES_AGGRESSIVE;
				CLANG_WARN_UNREACHABLE_CODE = YES;
				CLANG_WARN__DUPLICATE_METHOD_MATCH = YES;
				COPY_PHASE_STRIP = NO;
				DEBUG_INFORMATION_FORMAT = "dwarf-with-dsym";
				ENABLE_NS_ASSERTIONS = NO;
				ENABLE_STRICT_OBJC_MSGSEND = YES;
				GCC_C_LANGUAGE_STANDARD = gnu11;
				GCC_NO_COMMON_BLOCKS = YES;
				GCC_WARN_64_TO_32_BIT_CONVERSION = YES;
				GCC_WARN_ABOUT_RETURN_TYPE = YES_ERROR;
				GCC_WARN_UNDECLARED_SELECTOR = YES;
				GCC_WARN_UNINITIALIZED_AUTOS = YES_AGGRESSIVE;
				GCC_WARN_UNUSED_FUNCTION = YES;
				GCC_WARN_UNUSED_VARIABLE = YES;
				MACOSX_DEPLOYMENT_TARGET = 10.15;
				MTL_ENABLE_DEBUG_INFO = NO;
				MTL_FAST_MATH = YES;
				SDKROOT = macosx;
				SWIFT_COMPILATION_MODE = wholemodule;
			};
			name = Release;
		};
		AFADD2C8255CAAB400D06F8F /* Debug */ = {
			isa = XCBuildConfiguration;
			buildSettings = {
				CODE_SIGN_IDENTITY = "-";
				CODE_SIGN_STYLE = Automatic;
				"HEADER_SEARCH_PATHS[arch=*]" = "opencv/4.5.0_3/include/**";
				"LIBRARY_SEARCH_PATHS[arch=*]" = "opencv/4.5.0_3/lib/**";
				"OTHER_LDFLAGS[arch=*]" = (
					"-Iopencv/4.5.0_3/include/opencv4",
					"-Lopencv/4.5.0_3/lib",
					"-lopencv_gapi",
					"-lopencv_stitching",
					"-lopencv_alphamat",
					"-lopencv_aruco",
					"-lopencv_bgsegm",
					"-lopencv_bioinspired",
					"-lopencv_ccalib",
					"-lopencv_dnn_objdetect",
					"-lopencv_dnn_superres",
					"-lopencv_dpm",
					"-lopencv_highgui",
					"-lopencv_face",
					"-lopencv_freetype",
					"-lopencv_fuzzy",
					"-lopencv_hfs",
					"-lopencv_img_hash",
					"-lopencv_intensity_transform",
					"-lopencv_line_descriptor",
					"-lopencv_mcc",
					"-lopencv_quality",
					"-lopencv_rapid",
					"-lopencv_reg",
					"-lopencv_rgbd",
					"-lopencv_saliency",
					"-lopencv_sfm",
					"-lopencv_stereo",
					"-lopencv_structured_light",
					"-lopencv_phase_unwrapping",
					"-lopencv_superres",
					"-lopencv_optflow",
					"-lopencv_surface_matching",
					"-lopencv_tracking",
					"-lopencv_datasets",
					"-lopencv_text",
					"-lopencv_dnn",
					"-lopencv_plot",
					"-lopencv_videostab",
					"-lopencv_videoio",
					"-lopencv_viz",
					"-lopencv_xfeatures2d",
					"-lopencv_shape",
					"-lopencv_ml",
					"-lopencv_ximgproc",
					"-lopencv_video",
					"-lopencv_xobjdetect",
					"-lopencv_objdetect",
					"-lopencv_calib3d",
					"-lopencv_imgcodecs",
					"-lopencv_features2d",
					"-lopencv_flann",
					"-lopencv_xphoto",
					"-lopencv_photo",
					"-lopencv_imgproc",
					"-lopencv_core",
				);
				PRODUCT_NAME = "$(TARGET_NAME)";
			};
			name = Debug;
		};
		AFADD2C9255CAAB400D06F8F /* Release */ = {
			isa = XCBuildConfiguration;
			buildSettings = {
				CODE_SIGN_IDENTITY = "-";
				CODE_SIGN_STYLE = Automatic;
				"HEADER_SEARCH_PATHS[arch=*]" = "opencv/4.5.0_3/include/**";
				"LIBRARY_SEARCH_PATHS[arch=*]" = "opencv/4.5.0_3/lib/**";
				"OTHER_LDFLAGS[arch=*]" = (
					"-Iopencv/4.5.0_3/include/opencv4",
					"-Lopencv/4.5.0_3/lib",
					"-lopencv_gapi",
					"-lopencv_stitching",
					"-lopencv_alphamat",
					"-lopencv_aruco",
					"-lopencv_bgsegm",
					"-lopencv_bioinspired",
					"-lopencv_ccalib",
					"-lopencv_dnn_objdetect",
					"-lopencv_dnn_superres",
					"-lopencv_dpm",
					"-lopencv_highgui",
					"-lopencv_face",
					"-lopencv_freetype",
					"-lopencv_fuzzy",
					"-lopencv_hfs",
					"-lopencv_img_hash",
					"-lopencv_intensity_transform",
					"-lopencv_line_descriptor",
					"-lopencv_mcc",
					"-lopencv_quality",
					"-lopencv_rapid",
					"-lopencv_reg",
					"-lopencv_rgbd",
					"-lopencv_saliency",
					"-lopencv_sfm",
					"-lopencv_stereo",
					"-lopencv_structured_light",
					"-lopencv_phase_unwrapping",
					"-lopencv_superres",
					"-lopencv_optflow",
					"-lopencv_surface_matching",
					"-lopencv_tracking",
					"-lopencv_datasets",
					"-lopencv_text",
					"-lopencv_dnn",
					"-lopencv_plot",
					"-lopencv_videostab",
					"-lopencv_videoio",
					"-lopencv_viz",
					"-lopencv_xfeatures2d",
					"-lopencv_shape",
					"-lopencv_ml",
					"-lopencv_ximgproc",
					"-lopencv_video",
					"-lopencv_xobjdetect",
					"-lopencv_objdetect",
					"-lopencv_calib3d",
					"-lopencv_imgcodecs",
					"-lopencv_features2d",
					"-lopencv_flann",
					"-lopencv_xphoto",
					"-lopencv_photo",
					"-lopencv_imgproc",
					"-lopencv_core",
				);
				PRODUCT_NAME = "$(TARGET_NAME)";
			};
			name = Release;
		};
		AFFB217525AE392B008B2295 /* Debug */ = {
			isa = XCBuildConfiguration;
			buildSettings = {
				ASSETCATALOG_COMPILER_APPICON_NAME = AppIcon;
				ASSETCATALOG_COMPILER_GLOBAL_ACCENT_COLOR_NAME = AccentColor;
				CLANG_CXX_LANGUAGE_STANDARD = "gnu++17";
				CLANG_ENABLE_MODULES = YES;
				CODE_SIGN_ENTITLEMENTS = "Video-Previewer-GUI/Video_Previewer_GUI.entitlements";
				CODE_SIGN_IDENTITY = "-";
				CODE_SIGN_STYLE = Automatic;
				COMBINE_HIDPI_IMAGES = YES;
				DEVELOPMENT_ASSET_PATHS = "\"Video-Previewer-GUI/Preview Content\"";
				ENABLE_PREVIEWS = YES;
				HEADER_SEARCH_PATHS = "opencv/4.5.0_3/include/**";
				INFOPLIST_FILE = "Video-Previewer-GUI/Info.plist";
				LD_RUNPATH_SEARCH_PATHS = (
					"$(inherited)",
					"@executable_path/../Frameworks",
				);
				LIBRARY_SEARCH_PATHS = "opencv/4.5.0_3/lib/**";
				MACOSX_DEPLOYMENT_TARGET = 10.15;
				OTHER_LDFLAGS = (
					"-I/usr/local/Cellar/opencv/4.5.0_3/include/opencv4",
					"-L/usr/local/Cellar/opencv/4.5.0_3/lib",
					"-lopencv_gapi",
					"-lopencv_stitching",
					"-lopencv_alphamat",
					"-lopencv_aruco",
					"-lopencv_bgsegm",
					"-lopencv_bioinspired",
					"-lopencv_ccalib",
					"-lopencv_dnn_objdetect",
					"-lopencv_dnn_superres",
					"-lopencv_dpm",
					"-lopencv_highgui",
					"-lopencv_face",
					"-lopencv_freetype",
					"-lopencv_fuzzy",
					"-lopencv_hfs",
					"-lopencv_img_hash",
					"-lopencv_intensity_transform",
					"-lopencv_line_descriptor",
					"-lopencv_mcc",
					"-lopencv_quality",
					"-lopencv_rapid",
					"-lopencv_reg",
					"-lopencv_rgbd",
					"-lopencv_saliency",
					"-lopencv_sfm",
					"-lopencv_stereo",
					"-lopencv_structured_light",
					"-lopencv_phase_unwrapping",
					"-lopencv_superres",
					"-lopencv_optflow",
					"-lopencv_surface_matching",
					"-lopencv_tracking",
					"-lopencv_datasets",
					"-lopencv_text",
					"-lopencv_dnn",
					"-lopencv_plot",
					"-lopencv_videostab",
					"-lopencv_videoio",
					"-lopencv_viz",
					"-lopencv_xfeatures2d",
					"-lopencv_shape",
					"-lopencv_ml",
					"-lopencv_ximgproc",
					"-lopencv_video",
					"-lopencv_xobjdetect",
					"-lopencv_objdetect",
					"-lopencv_calib3d",
					"-lopencv_imgcodecs",
					"-lopencv_features2d",
					"-lopencv_flann",
					"-lopencv_xphoto",
					"-lopencv_photo",
					"-lopencv_imgproc",
					"-lopencv_core",
				);
				PRODUCT_BUNDLE_IDENTIFIER = "mdenys.Video-Previewer-GUI";
				PRODUCT_NAME = "$(TARGET_NAME)";
				SWIFT_ACTIVE_COMPILATION_CONDITIONS = DEBUG;
				SWIFT_OBJC_BRIDGING_HEADER = "Video-Previewer-GUI/Video-Previewer-GUI-Bridging-Header.h";
				SWIFT_OPTIMIZATION_LEVEL = "-Onone";
				SWIFT_VERSION = 5.0;
			};
			name = Debug;
		};
		AFFB217625AE392B008B2295 /* Release */ = {
			isa = XCBuildConfiguration;
			buildSettings = {
				ASSETCATALOG_COMPILER_APPICON_NAME = AppIcon;
				ASSETCATALOG_COMPILER_GLOBAL_ACCENT_COLOR_NAME = AccentColor;
				CLANG_CXX_LANGUAGE_STANDARD = "gnu++17";
				CLANG_ENABLE_MODULES = YES;
				CODE_SIGN_ENTITLEMENTS = "Video-Previewer-GUI/Video_Previewer_GUI.entitlements";
				CODE_SIGN_IDENTITY = "-";
				CODE_SIGN_STYLE = Automatic;
				COMBINE_HIDPI_IMAGES = YES;
				DEVELOPMENT_ASSET_PATHS = "\"Video-Previewer-GUI/Preview Content\"";
				ENABLE_PREVIEWS = YES;
				HEADER_SEARCH_PATHS = "opencv/4.5.0_3/include/**";
				INFOPLIST_FILE = "Video-Previewer-GUI/Info.plist";
				LD_RUNPATH_SEARCH_PATHS = (
					"$(inherited)",
					"@executable_path/../Frameworks",
				);
				LIBRARY_SEARCH_PATHS = "opencv/4.5.0_3/lib/**";
				MACOSX_DEPLOYMENT_TARGET = 10.15;
				OTHER_LDFLAGS = (
					"-I/usr/local/Cellar/opencv/4.5.0_3/include/opencv4",
					"-L/usr/local/Cellar/opencv/4.5.0_3/lib",
					"-lopencv_gapi",
					"-lopencv_stitching",
					"-lopencv_alphamat",
					"-lopencv_aruco",
					"-lopencv_bgsegm",
					"-lopencv_bioinspired",
					"-lopencv_ccalib",
					"-lopencv_dnn_objdetect",
					"-lopencv_dnn_superres",
					"-lopencv_dpm",
					"-lopencv_highgui",
					"-lopencv_face",
					"-lopencv_freetype",
					"-lopencv_fuzzy",
					"-lopencv_hfs",
					"-lopencv_img_hash",
					"-lopencv_intensity_transform",
					"-lopencv_line_descriptor",
					"-lopencv_mcc",
					"-lopencv_quality",
					"-lopencv_rapid",
					"-lopencv_reg",
					"-lopencv_rgbd",
					"-lopencv_saliency",
					"-lopencv_sfm",
					"-lopencv_stereo",
					"-lopencv_structured_light",
					"-lopencv_phase_unwrapping",
					"-lopencv_superres",
					"-lopencv_optflow",
					"-lopencv_surface_matching",
					"-lopencv_tracking",
					"-lopencv_datasets",
					"-lopencv_text",
					"-lopencv_dnn",
					"-lopencv_plot",
					"-lopencv_videostab",
					"-lopencv_videoio",
					"-lopencv_viz",
					"-lopencv_xfeatures2d",
					"-lopencv_shape",
					"-lopencv_ml",
					"-lopencv_ximgproc",
					"-lopencv_video",
					"-lopencv_xobjdetect",
					"-lopencv_objdetect",
					"-lopencv_calib3d",
					"-lopencv_imgcodecs",
					"-lopencv_features2d",
					"-lopencv_flann",
					"-lopencv_xphoto",
					"-lopencv_photo",
					"-lopencv_imgproc",
					"-lopencv_core",
				);
				PRODUCT_BUNDLE_IDENTIFIER = "mdenys.Video-Previewer-GUI";
				PRODUCT_NAME = "$(TARGET_NAME)";
				SWIFT_COMPILATION_MODE = wholemodule;
				SWIFT_OBJC_BRIDGING_HEADER = "Video-Previewer-GUI/Video-Previewer-GUI-Bridging-Header.h";
				SWIFT_OPTIMIZATION_LEVEL = "-O";
				SWIFT_VERSION = 5.0;
			};
			name = Release;
		};
/* End XCBuildConfiguration section */

/* Begin XCConfigurationList section */
		AFADD2BB255CAAB400D06F8F /* Build configuration list for PBXProject "Video-Previewer" */ = {
			isa = XCConfigurationList;
			buildConfigurations = (
				AFADD2C5255CAAB400D06F8F /* Debug */,
				AFADD2C6255CAAB400D06F8F /* Release */,
			);
			defaultConfigurationIsVisible = 0;
			defaultConfigurationName = Release;
		};
		AFADD2C7255CAAB400D06F8F /* Build configuration list for PBXNativeTarget "Video-Previewer" */ = {
			isa = XCConfigurationList;
			buildConfigurations = (
				AFADD2C8255CAAB400D06F8F /* Debug */,
				AFADD2C9255CAAB400D06F8F /* Release */,
			);
			defaultConfigurationIsVisible = 0;
			defaultConfigurationName = Release;
		};
		AFFB217B25AE392B008B2295 /* Build configuration list for PBXNativeTarget "Video-Previewer-GUI" */ = {
			isa = XCConfigurationList;
			buildConfigurations = (
				AFFB217525AE392B008B2295 /* Debug */,
				AFFB217625AE392B008B2295 /* Release */,
			);
			defaultConfigurationIsVisible = 0;
			defaultConfigurationName = Release;
		};
/* End XCConfigurationList section */
	};
	rootObject = AFADD2B8255CAAB400D06F8F /* Project object */;
}
